// !$*UTF8*$!
{
	archiveVersion = 1;
	classes = {
	};
	objectVersion = 46;
	objects = {

/* Begin PBXBuildFile section */
		09A76A7F15AF676D003D00A4 /* UIKit.framework in Frameworks */ = {isa = PBXBuildFile; fileRef = 09A76A7E15AF676D003D00A4 /* UIKit.framework */; };
		09A76A8115AF676D003D00A4 /* Foundation.framework in Frameworks */ = {isa = PBXBuildFile; fileRef = 09A76A8015AF676D003D00A4 /* Foundation.framework */; };
		09A76A8315AF676D003D00A4 /* CoreGraphics.framework in Frameworks */ = {isa = PBXBuildFile; fileRef = 09A76A8215AF676D003D00A4 /* CoreGraphics.framework */; };
		09A76A8915AF676D003D00A4 /* InfoPlist.strings in Resources */ = {isa = PBXBuildFile; fileRef = 09A76A8715AF676D003D00A4 /* InfoPlist.strings */; };
		09A76A8B15AF676D003D00A4 /* main.m in Sources */ = {isa = PBXBuildFile; fileRef = 09A76A8A15AF676D003D00A4 /* main.m */; };
		09A76A8F15AF676D003D00A4 /* TWFAppDelegate.m in Sources */ = {isa = PBXBuildFile; fileRef = 09A76A8E15AF676D003D00A4 /* TWFAppDelegate.m */; };
		09A76A9215AF676D003D00A4 /* TWFFirstViewController.m in Sources */ = {isa = PBXBuildFile; fileRef = 09A76A9115AF676D003D00A4 /* TWFFirstViewController.m */; };
		09A76A9415AF676D003D00A4 /* first.png in Resources */ = {isa = PBXBuildFile; fileRef = 09A76A9315AF676D003D00A4 /* first.png */; };
		09A76A9615AF676D003D00A4 /* first@2x.png in Resources */ = {isa = PBXBuildFile; fileRef = 09A76A9515AF676D003D00A4 /* first@2x.png */; };
		09A76A9915AF676D003D00A4 /* TWFSecondViewController.m in Sources */ = {isa = PBXBuildFile; fileRef = 09A76A9815AF676D003D00A4 /* TWFSecondViewController.m */; };
		09A76A9B15AF676D003D00A4 /* second.png in Resources */ = {isa = PBXBuildFile; fileRef = 09A76A9A15AF676D003D00A4 /* second.png */; };
		09A76A9D15AF676D003D00A4 /* second@2x.png in Resources */ = {isa = PBXBuildFile; fileRef = 09A76A9C15AF676D003D00A4 /* second@2x.png */; };
		09A76AA015AF676D003D00A4 /* TWFFirstViewController.xib in Resources */ = {isa = PBXBuildFile; fileRef = 09A76A9E15AF676D003D00A4 /* TWFFirstViewController.xib */; };
		09A76AA315AF676D003D00A4 /* TWFSecondViewController.xib in Resources */ = {isa = PBXBuildFile; fileRef = 09A76AA115AF676D003D00A4 /* TWFSecondViewController.xib */; };
/* End PBXBuildFile section */

/* Begin PBXFileReference section */
		09A76A7A15AF676D003D00A4 /* TowerFinder.app */ = {isa = PBXFileReference; explicitFileType = wrapper.application; includeInIndex = 0; path = TowerFinder.app; sourceTree = BUILT_PRODUCTS_DIR; };
		09A76A7E15AF676D003D00A4 /* UIKit.framework */ = {isa = PBXFileReference; lastKnownFileType = wrapper.framework; name = UIKit.framework; path = System/Library/Frameworks/UIKit.framework; sourceTree = SDKROOT; };
		09A76A8015AF676D003D00A4 /* Foundation.framework */ = {isa = PBXFileReference; lastKnownFileType = wrapper.framework; name = Foundation.framework; path = System/Library/Frameworks/Foundation.framework; sourceTree = SDKROOT; };
		09A76A8215AF676D003D00A4 /* CoreGraphics.framework */ = {isa = PBXFileReference; lastKnownFileType = wrapper.framework; name = CoreGraphics.framework; path = System/Library/Frameworks/CoreGraphics.framework; sourceTree = SDKROOT; };
		09A76A8615AF676D003D00A4 /* TowerFinder-Info.plist */ = {isa = PBXFileReference; path = "TowerFinder-Info.plist"; sourceTree = "<group>"; };
		09A76A8815AF676D003D00A4 /* en */ = {isa = PBXFileReference; lastKnownFileType = text.plist.strings; name = en; path = en.lproj/InfoPlist.strings; sourceTree = "<group>"; };
		09A76A8A15AF676D003D00A4 /* main.m */ = {isa = PBXFileReference; lastKnownFileType = sourcecode.c.objc; path = main.m; sourceTree = "<group>"; };
		09A76A8C15AF676D003D00A4 /* TowerFinder-Prefix.pch */ = {isa = PBXFileReference; path = "TowerFinder-Prefix.pch"; sourceTree = "<group>"; };
		09A76A8D15AF676D003D00A4 /* TWFAppDelegate.h */ = {isa = PBXFileReference; path = TWFAppDelegate.h; sourceTree = "<group>"; };
		09A76A8E15AF676D003D00A4 /* TWFAppDelegate.m */ = {isa = PBXFileReference; lastKnownFileType = sourcecode.c.objc; path = TWFAppDelegate.m; sourceTree = "<group>"; };
		09A76A9015AF676D003D00A4 /* TWFFirstViewController.h */ = {isa = PBXFileReference; path = TWFFirstViewController.h; sourceTree = "<group>"; };
		09A76A9115AF676D003D00A4 /* TWFFirstViewController.m */ = {isa = PBXFileReference; lastKnownFileType = sourcecode.c.objc; path = TWFFirstViewController.m; sourceTree = "<group>"; };
		09A76A9315AF676D003D00A4 /* first.png */ = {isa = PBXFileReference; lastKnownFileType = image.png; path = first.png; sourceTree = "<group>"; };
		09A76A9515AF676D003D00A4 /* first@2x.png */ = {isa = PBXFileReference; lastKnownFileType = image.png; path = "first@2x.png"; sourceTree = "<group>"; };
		09A76A9715AF676D003D00A4 /* TWFSecondViewController.h */ = {isa = PBXFileReference; path = TWFSecondViewController.h; sourceTree = "<group>"; };
		09A76A9815AF676D003D00A4 /* TWFSecondViewController.m */ = {isa = PBXFileReference; lastKnownFileType = sourcecode.c.objc; path = TWFSecondViewController.m; sourceTree = "<group>"; };
		09A76A9A15AF676D003D00A4 /* second.png */ = {isa = PBXFileReference; lastKnownFileType = image.png; path = second.png; sourceTree = "<group>"; };
		09A76A9C15AF676D003D00A4 /* second@2x.png */ = {isa = PBXFileReference; lastKnownFileType = image.png; path = "second@2x.png"; sourceTree = "<group>"; };
		09A76A9F15AF676D003D00A4 /* en */ = {isa = PBXFileReference; lastKnownFileType = file.xib; name = en; path = en.lproj/TWFFirstViewController.xib; sourceTree = "<group>"; };
		09A76AA215AF676D003D00A4 /* en */ = {isa = PBXFileReference; lastKnownFileType = file.xib; name = en; path = en.lproj/TWFSecondViewController.xib; sourceTree = "<group>"; };
/* End PBXFileReference section */

/* Begin PBXFrameworksBuildPhase section */
		09A76A7715AF676D003D00A4 /* Frameworks */ = {
			isa = PBXFrameworksBuildPhase;
			buildActionMask = 2147483647;
			files = (
				09A76A7F15AF676D003D00A4 /* UIKit.framework in Frameworks */,
				09A76A8115AF676D003D00A4 /* Foundation.framework in Frameworks */,
				09A76A8315AF676D003D00A4 /* CoreGraphics.framework in Frameworks */,
			);
			runOnlyForDeploymentPostprocessing = 0;
		};
/* End PBXFrameworksBuildPhase section */

/* Begin PBXGroup section */
		09A76A6F15AF676D003D00A4 = {
			isa = PBXGroup;
			children = (
				09A76A8415AF676D003D00A4 /* TowerFinder */,
				09A76A7D15AF676D003D00A4 /* Frameworks */,
				09A76A7B15AF676D003D00A4 /* Products */,
			);
			sourceTree = "<group>";
		};
		09A76A7B15AF676D003D00A4 /* Products */ = {
			isa = PBXGroup;
			children = (
				09A76A7A15AF676D003D00A4 /* TowerFinder.app */,
			);
			name = Products;
			sourceTree = "<group>";
		};
		09A76A7D15AF676D003D00A4 /* Frameworks */ = {
			isa = PBXGroup;
			children = (
				09A76A7E15AF676D003D00A4 /* UIKit.framework */,
				09A76A8015AF676D003D00A4 /* Foundation.framework */,
				09A76A8215AF676D003D00A4 /* CoreGraphics.framework */,
			);
			name = Frameworks;
			sourceTree = "<group>";
		};
		09A76A8415AF676D003D00A4 /* TowerFinder */ = {
			isa = PBXGroup;
			children = (
				09A76A8D15AF676D003D00A4 /* TWFAppDelegate.h */,
				09A76A8E15AF676D003D00A4 /* TWFAppDelegate.m */,
				09A76A9015AF676D003D00A4 /* TWFFirstViewController.h */,
				09A76A9115AF676D003D00A4 /* TWFFirstViewController.m */,
				09A76A9315AF676D003D00A4 /* first.png */,
				09A76A9515AF676D003D00A4 /* first@2x.png */,
				09A76A9715AF676D003D00A4 /* TWFSecondViewController.h */,
				09A76A9815AF676D003D00A4 /* TWFSecondViewController.m */,
				09A76A9A15AF676D003D00A4 /* second.png */,
				09A76A9C15AF676D003D00A4 /* second@2x.png */,
				09A76A9E15AF676D003D00A4 /* TWFFirstViewController.xib */,
				09A76AA115AF676D003D00A4 /* TWFSecondViewController.xib */,
				09A76A8515AF676D003D00A4 /* Supporting Files */,
			);
			path = TowerFinder;
			sourceTree = "<group>";
		};
		09A76A8515AF676D003D00A4 /* Supporting Files */ = {
			isa = PBXGroup;
			children = (
				09A76A8615AF676D003D00A4 /* TowerFinder-Info.plist */,
				09A76A8715AF676D003D00A4 /* InfoPlist.strings */,
				09A76A8A15AF676D003D00A4 /* main.m */,
				09A76A8C15AF676D003D00A4 /* TowerFinder-Prefix.pch */,
			);
			name = "Supporting Files";
			sourceTree = "<group>";
		};
/* End PBXGroup section */

/* Begin PBXNativeTarget section */
		09A76A7915AF676D003D00A4 /* TowerFinder */ = {
			isa = PBXNativeTarget;
			buildConfigurationList = 09A76AA615AF676D003D00A4 /* Build configuration list for PBXNativeTarget "TowerFinder" */;
			buildPhases = (
				09A76A7615AF676D003D00A4 /* Sources */,
				09A76A7715AF676D003D00A4 /* Frameworks */,
				09A76A7815AF676D003D00A4 /* Resources */,
			);
			buildRules = (
			);
			dependencies = (
			);
			name = TowerFinder;
			productName = TowerFinder;
			productReference = 09A76A7A15AF676D003D00A4 /* TowerFinder.app */;
			productType = "com.apple.product-type.application";
		};
/* End PBXNativeTarget section */

/* Begin PBXProject section */
		09A76A7115AF676D003D00A4 /* Project object */ = {
			isa = PBXProject;
			attributes = {
				LastUpgradeCheck = 0420;
			};
			buildConfigurationList = 09A76A7415AF676D003D00A4 /* Build configuration list for PBXProject "TowerFinder" */;
			compatibilityVersion = "Xcode 3.2";
			developmentRegion = English;
			hasScannedForEncodings = 0;
			knownRegions = (
				en,
			);
			mainGroup = 09A76A6F15AF676D003D00A4;
			productRefGroup = 09A76A7B15AF676D003D00A4 /* Products */;
			projectDirPath = "";
			projectRoot = "";
			targets = (
				09A76A7915AF676D003D00A4 /* TowerFinder */,
			);
		};
/* End PBXProject section */

/* Begin PBXResourcesBuildPhase section */
		09A76A7815AF676D003D00A4 /* Resources */ = {
			isa = PBXResourcesBuildPhase;
			buildActionMask = 2147483647;
			files = (
				09A76A8915AF676D003D00A4 /* InfoPlist.strings in Resources */,
				09A76A9415AF676D003D00A4 /* first.png in Resources */,
				09A76A9615AF676D003D00A4 /* first@2x.png in Resources */,
				09A76A9B15AF676D003D00A4 /* second.png in Resources */,
				09A76A9D15AF676D003D00A4 /* second@2x.png in Resources */,
				09A76AA015AF676D003D00A4 /* TWFFirstViewController.xib in Resources */,
				09A76AA315AF676D003D00A4 /* TWFSecondViewController.xib in Resources */,
			);
			runOnlyForDeploymentPostprocessing = 0;
		};
/* End PBXResourcesBuildPhase section */

/* Begin PBXSourcesBuildPhase section */
		09A76A7615AF676D003D00A4 /* Sources */ = {
			isa = PBXSourcesBuildPhase;
			buildActionMask = 2147483647;
			files = (
				09A76A8B15AF676D003D00A4 /* main.m in Sources */,
				09A76A8F15AF676D003D00A4 /* TWFAppDelegate.m in Sources */,
				09A76A9215AF676D003D00A4 /* TWFFirstViewController.m in Sources */,
				09A76A9915AF676D003D00A4 /* TWFSecondViewController.m in Sources */,
			);
			runOnlyForDeploymentPostprocessing = 0;
		};
/* End PBXSourcesBuildPhase section */

/* Begin PBXVariantGroup section */
		09A76A8715AF676D003D00A4 /* InfoPlist.strings */ = {
			isa = PBXVariantGroup;
			children = (
				09A76A8815AF676D003D00A4 /* en */,
			);
			name = InfoPlist.strings;
			sourceTree = "<group>";
		};
		09A76A9E15AF676D003D00A4 /* TWFFirstViewController.xib */ = {
			isa = PBXVariantGroup;
			children = (
				09A76A9F15AF676D003D00A4 /* en */,
			);
			name = TWFFirstViewController.xib;
			sourceTree = "<group>";
		};
		09A76AA115AF676D003D00A4 /* TWFSecondViewController.xib */ = {
			isa = PBXVariantGroup;
			children = (
				09A76AA215AF676D003D00A4 /* en */,
			);
			name = TWFSecondViewController.xib;
			sourceTree = "<group>";
		};
/* End PBXVariantGroup section */

/* Begin XCBuildConfiguration section */
		09A76AA415AF676D003D00A4 /* Debug */ = {
			isa = XCBuildConfiguration;
			buildSettings = {
				ALWAYS_SEARCH_USER_PATHS = NO;
				ARCHS = "$(ARCHS_STANDARD_32_BIT)";
				CLANG_ENABLE_OBJC_ARC = YES;
				"CODE_SIGN_IDENTITY[sdk=iphoneos*]" = "iPhone Developer";
				COPY_PHASE_STRIP = NO;
				GCC_C_LANGUAGE_STANDARD = gnu99;
				GCC_DYNAMIC_NO_PIC = NO;
				GCC_OPTIMIZATION_LEVEL = 0;
				GCC_PREPROCESSOR_DEFINITIONS = (
					"DEBUG=1",
					"$(inherited)",
				);
				GCC_SYMBOLS_PRIVATE_EXTERN = NO;
				GCC_VERSION = com.apple.compilers.llvm.clang.1_0;
				GCC_WARN_ABOUT_MISSING_PROTOTYPES = YES;
				GCC_WARN_ABOUT_RETURN_TYPE = YES;
				GCC_WARN_UNUSED_VARIABLE = YES;
				IPHONEOS_DEPLOYMENT_TARGET = 5.0;
				SDKROOT = iphoneos;
			};
			name = Debug;
		};
		09A76AA515AF676D003D00A4 /* Release */ = {
			isa = XCBuildConfiguration;
			buildSettings = {
				ALWAYS_SEARCH_USER_PATHS = NO;
				ARCHS = "$(ARCHS_STANDARD_32_BIT)";
				CLANG_ENABLE_OBJC_ARC = YES;
				"CODE_SIGN_IDENTITY[sdk=iphoneos*]" = "iPhone Developer";
				COPY_PHASE_STRIP = YES;
				GCC_C_LANGUAGE_STANDARD = gnu99;
				GCC_VERSION = com.apple.compilers.llvm.clang.1_0;
				GCC_WARN_ABOUT_MISSING_PROTOTYPES = YES;
				GCC_WARN_ABOUT_RETURN_TYPE = YES;
				GCC_WARN_UNUSED_VARIABLE = YES;
				IPHONEOS_DEPLOYMENT_TARGET = 5.0;
				OTHER_CFLAGS = "-DNS_BLOCK_ASSERTIONS=1";
				SDKROOT = iphoneos;
				VALIDATE_PRODUCT = YES;
			};
			name = Release;
		};
		09A76AA715AF676D003D00A4 /* Debug */ = {
			isa = XCBuildConfiguration;
			buildSettings = {
				GCC_PRECOMPILE_PREFIX_HEADER = YES;
				GCC_PREFIX_HEADER = "TowerFinder/TowerFinder-Prefix.pch";
				INFOPLIST_FILE = "TowerFinder/TowerFinder-Info.plist";
				PRODUCT_NAME = "$(TARGET_NAME)";
				WRAPPER_EXTENSION = app;
			};
			name = Debug;
		};
		09A76AA815AF676D003D00A4 /* Release */ = {
			isa = XCBuildConfiguration;
			buildSettings = {
				GCC_PRECOMPILE_PREFIX_HEADER = YES;
				GCC_PREFIX_HEADER = "TowerFinder/TowerFinder-Prefix.pch";
				INFOPLIST_FILE = "TowerFinder/TowerFinder-Info.plist";
				PRODUCT_NAME = "$(TARGET_NAME)";
				WRAPPER_EXTENSION = app;
			};
			name = Release;
		};
/* End XCBuildConfiguration section */

/* Begin XCConfigurationList section */
		09A76A7415AF676D003D00A4 /* Build configuration list for PBXProject "TowerFinder" */ = {
			isa = XCConfigurationList;
			buildConfigurations = (
				09A76AA415AF676D003D00A4 /* Debug */,
				09A76AA515AF676D003D00A4 /* Release */,
			);
			defaultConfigurationIsVisible = 0;
			defaultConfigurationName = Release;
		};
		09A76AA615AF676D003D00A4 /* Build configuration list for PBXNativeTarget "TowerFinder" */ = {
			isa = XCConfigurationList;
			buildConfigurations = (
				09A76AA715AF676D003D00A4 /* Debug */,
				09A76AA815AF676D003D00A4 /* Release */,
			);
			defaultConfigurationIsVisible = 0;
		};
/* End XCConfigurationList section */
	};
	rootObject = 09A76A7115AF676D003D00A4 /* Project object */;
}
